
Microsoft Visual Studio Solution File, Format Version 12.00
# Visual Studio Version 17
VisualStudioVersion = 17.6.33712.159
MinimumVisualStudioVersion = 10.0.40219.1
Project("{FAE04EC0-301F-11D3-BF4B-00C04F79EFBC}") = "PickUpPoint", "PickUpPoint\PickUpPoint.csproj", "{BAED4D81-6F13-4A44-93FF-9272FA05A9BC}"
EndProject
Global
	GlobalSection(SolutionConfigurationPlatforms) = preSolution
		Debug|Any CPU = Debug|Any CPU
		Release|Any CPU = Release|Any CPU
	EndGlobalSection
	GlobalSection(ProjectConfigurationPlatforms) = postSolution
		{BAED4D81-6F13-4A44-93FF-9272FA05A9BC}.Debug|Any CPU.ActiveCfg = Debug|Any CPU
		{BAED4D81-6F13-4A44-93FF-9272FA05A9BC}.Debug|Any CPU.Build.0 = Debug|Any CPU
		{BAED4D81-6F13-4A44-93FF-9272FA05A9BC}.Release|Any CPU.ActiveCfg = Release|Any CPU
		{BAED4D81-6F13-4A44-93FF-9272FA05A9BC}.Release|Any CPU.Build.0 = Release|Any CPU
	EndGlobalSection
	GlobalSection(SolutionProperties) = preSolution
		HideSolutionNode = FALSE
	EndGlobalSection
	GlobalSection(ExtensibilityGlobals) = postSolution
		SolutionGuid = {23DE5613-1D64-43EC-9ED3-F126F123A2FD}
	EndGlobalSection
EndGlobal
